
Microsoft Visual Studio Solution File, Format Version 12.00
# Visual Studio Version 17
VisualStudioVersion = 17.0.31903.59
MinimumVisualStudioVersion = 10.0.40219.1
Project("{FAE04EC0-301F-11D3-BF4B-00C04F79EFBC}") = "TrueMetricsSdk.Binding", "src\\TrueMetricsSdk.Binding\\TrueMetricsSdk.Binding.csproj", "{A1E606DA-7897-4B3E-B7B2-6F7DAF8E9B9B}"
EndProject
Project("{FAE04EC0-301F-11D3-BF4B-00C04F79EFBC}") = "TrueMetricsSample", "src\\TrueMetricsSample\\TrueMetricsSample.csproj", "{3D3F9B07-0B07-4BE2-8CA7-3B5F83D3F981}"
EndProject
Project("{FAE04EC0-301F-11D3-BF4B-00C04F79EFBC}") = "TrueMetricsSample.Droid", "src\\TrueMetricsSample.Droid\\TrueMetricsSample.Droid.csproj", "{E6D2CCB4-9B43-4AF7-BF1C-91A1BC9C05C2}"
EndProject
Global
	GlobalSection(SolutionConfigurationPlatforms) = preSolution
		Debug|Any CPU = Debug|Any CPU
		Release|Any CPU = Release|Any CPU
	EndGlobalSection
	GlobalSection(ProjectConfigurationPlatforms) = postSolution
		{A1E606DA-7897-4B3E-B7B2-6F7DAF8E9B9B}.Debug|Any CPU.ActiveCfg = Debug|Any CPU
		{A1E606DA-7897-4B3E-B7B2-6F7DAF8E9B9B}.Debug|Any CPU.Build.0 = Debug|Any CPU
		{A1E606DA-7897-4B3E-B7B2-6F7DAF8E9B9B}.Release|Any CPU.ActiveCfg = Release|Any CPU
		{A1E606DA-7897-4B3E-B7B2-6F7DAF8E9B9B}.Release|Any CPU.Build.0 = Release|Any CPU
		{3D3F9B07-0B07-4BE2-8CA7-3B5F83D3F981}.Debug|Any CPU.ActiveCfg = Debug|Any CPU
		{3D3F9B07-0B07-4BE2-8CA7-3B5F83D3F981}.Debug|Any CPU.Build.0 = Debug|Any CPU
		{3D3F9B07-0B07-4BE2-8CA7-3B5F83D3F981}.Release|Any CPU.ActiveCfg = Release|Any CPU
		{3D3F9B07-0B07-4BE2-8CA7-3B5F83D3F981}.Release|Any CPU.Build.0 = Release|Any CPU
		{E6D2CCB4-9B43-4AF7-BF1C-91A1BC9C05C2}.Debug|Any CPU.ActiveCfg = Debug|Any CPU
		{E6D2CCB4-9B43-4AF7-BF1C-91A1BC9C05C2}.Debug|Any CPU.Build.0 = Debug|Any CPU
		{E6D2CCB4-9B43-4AF7-BF1C-91A1BC9C05C2}.Release|Any CPU.ActiveCfg = Release|Any CPU
		{E6D2CCB4-9B43-4AF7-BF1C-91A1BC9C05C2}.Release|Any CPU.Build.0 = Release|Any CPU
	EndGlobalSection
	GlobalSection(SolutionProperties) = preSolution
		HideSolutionNode = FALSE
	EndGlobalSection
EndGlobal
